
Microsoft Visual Studio Solution File, Format Version 12.00
# Visual Studio Version 17
VisualStudioVersion = 17.14.36518.9 d17.14
MinimumVisualStudioVersion = 10.0.40219.1
Project("{FAE04EC0-301F-11D3-BF4B-00C04F79EFBC}") = "QuizPracticeLinux", "QuizPracticeLinux.csproj", "{4E9DFBDC-1358-4580-9898-58A3F9F5A11B}"
EndProject
Global
	GlobalSection(SolutionConfigurationPlatforms) = preSolution
		Debug|Any CPU = Debug|Any CPU
		Release|Any CPU = Release|Any CPU
	EndGlobalSection
	GlobalSection(ProjectConfigurationPlatforms) = postSolution
		{4E9DFBDC-1358-4580-9898-58A3F9F5A11B}.Debug|Any CPU.ActiveCfg = Debug|Any CPU
		{4E9DFBDC-1358-4580-9898-58A3F9F5A11B}.Debug|Any CPU.Build.0 = Debug|Any CPU
		{4E9DFBDC-1358-4580-9898-58A3F9F5A11B}.Release|Any CPU.ActiveCfg = Release|Any CPU
		{4E9DFBDC-1358-4580-9898-58A3F9F5A11B}.Release|Any CPU.Build.0 = Release|Any CPU
	EndGlobalSection
	GlobalSection(SolutionProperties) = preSolution
		HideSolutionNode = FALSE
	EndGlobalSection
	GlobalSection(ExtensibilityGlobals) = postSolution
		SolutionGuid = {FF09C11E-DE3E-4B13-9E15-4F1FD61ABE76}
	EndGlobalSection
EndGlobal
